
Microsoft Visual Studio Solution File, Format Version 12.00
# Visual Studio 15
VisualStudioVersion = 15.0.26730.16
MinimumVisualStudioVersion = 10.0.40219.1
Project("{FAE04EC0-301F-11D3-BF4B-00C04F79EFBC}") = "DictionariesHomework", "DictionariesHomework\DictionariesHomework.csproj", "{3F7B6130-596C-4C46-9666-16EF2121BEC0}"
EndProject
Project("{FAE04EC0-301F-11D3-BF4B-00C04F79EFBC}") = "MinerTask", "MinerTask\MinerTask.csproj", "{B4FC5CCE-FB5D-451D-9A67-1E9C96925BB9}"
EndProject
Project("{FAE04EC0-301F-11D3-BF4B-00C04F79EFBC}") = "FixEmails", "FixEmails\FixEmails.csproj", "{8396BD09-088C-438E-8E4A-C291DDF8BC04}"
EndProject
Project("{FAE04EC0-301F-11D3-BF4B-00C04F79EFBC}") = "HandsOfCards", "HandsOfCards\HandsOfCards.csproj", "{B17DE144-718C-4ABF-A69A-AC8D18EC322E}"
EndProject
Project("{FAE04EC0-301F-11D3-BF4B-00C04F79EFBC}") = "SerbianMusic", "SerbianMusic\SerbianMusic.csproj", "{7EFA423C-3865-4D4A-83A4-41D0BDFF00CA}"
EndProject
Global
	GlobalSection(SolutionConfigurationPlatforms) = preSolution
		Debug|Any CPU = Debug|Any CPU
		Release|Any CPU = Release|Any CPU
	EndGlobalSection
	GlobalSection(ProjectConfigurationPlatforms) = postSolution
		{3F7B6130-596C-4C46-9666-16EF2121BEC0}.Debug|Any CPU.ActiveCfg = Debug|Any CPU
		{3F7B6130-596C-4C46-9666-16EF2121BEC0}.Debug|Any CPU.Build.0 = Debug|Any CPU
		{3F7B6130-596C-4C46-9666-16EF2121BEC0}.Release|Any CPU.ActiveCfg = Release|Any CPU
		{3F7B6130-596C-4C46-9666-16EF2121BEC0}.Release|Any CPU.Build.0 = Release|Any CPU
		{B4FC5CCE-FB5D-451D-9A67-1E9C96925BB9}.Debug|Any CPU.ActiveCfg = Debug|Any CPU
		{B4FC5CCE-FB5D-451D-9A67-1E9C96925BB9}.Debug|Any CPU.Build.0 = Debug|Any CPU
		{B4FC5CCE-FB5D-451D-9A67-1E9C96925BB9}.Release|Any CPU.ActiveCfg = Release|Any CPU
		{B4FC5CCE-FB5D-451D-9A67-1E9C96925BB9}.Release|Any CPU.Build.0 = Release|Any CPU
		{8396BD09-088C-438E-8E4A-C291DDF8BC04}.Debug|Any CPU.ActiveCfg = Debug|Any CPU
		{8396BD09-088C-438E-8E4A-C291DDF8BC04}.Debug|Any CPU.Build.0 = Debug|Any CPU
		{8396BD09-088C-438E-8E4A-C291DDF8BC04}.Release|Any CPU.ActiveCfg = Release|Any CPU
		{8396BD09-088C-438E-8E4A-C291DDF8BC04}.Release|Any CPU.Build.0 = Release|Any CPU
		{B17DE144-718C-4ABF-A69A-AC8D18EC322E}.Debug|Any CPU.ActiveCfg = Debug|Any CPU
		{B17DE144-718C-4ABF-A69A-AC8D18EC322E}.Debug|Any CPU.Build.0 = Debug|Any CPU
		{B17DE144-718C-4ABF-A69A-AC8D18EC322E}.Release|Any CPU.ActiveCfg = Release|Any CPU
		{B17DE144-718C-4ABF-A69A-AC8D18EC322E}.Release|Any CPU.Build.0 = Release|Any CPU
		{7EFA423C-3865-4D4A-83A4-41D0BDFF00CA}.Debug|Any CPU.ActiveCfg = Debug|Any CPU
		{7EFA423C-3865-4D4A-83A4-41D0BDFF00CA}.Debug|Any CPU.Build.0 = Debug|Any CPU
		{7EFA423C-3865-4D4A-83A4-41D0BDFF00CA}.Release|Any CPU.ActiveCfg = Release|Any CPU
		{7EFA423C-3865-4D4A-83A4-41D0BDFF00CA}.Release|Any CPU.Build.0 = Release|Any CPU
	EndGlobalSection
	GlobalSection(SolutionProperties) = preSolution
		HideSolutionNode = FALSE
	EndGlobalSection
	GlobalSection(ExtensibilityGlobals) = postSolution
		SolutionGuid = {1AFC8C13-31E3-450D-9C03-08A51FD007C2}
	EndGlobalSection
EndGlobal
