
Microsoft Visual Studio Solution File, Format Version 12.00
# Visual Studio 15
VisualStudioVersion = 15.0.26730.16
MinimumVisualStudioVersion = 10.0.40219.1
Project("{FAE04EC0-301F-11D3-BF4B-00C04F79EFBC}") = "Training", "Training\Training.csproj", "{AD9088F4-E583-41C7-B69F-08E9F5F96994}"
EndProject
Project("{FAE04EC0-301F-11D3-BF4B-00C04F79EFBC}") = "Restaurant_Discount", "Restaurant_Discount\Restaurant_Discount.csproj", "{EC323FCB-EF6F-41E6-AD84-A2D93C6A469D}"
EndProject
Project("{FAE04EC0-301F-11D3-BF4B-00C04F79EFBC}") = "Hotel", "Hotel\Hotel.csproj", "{A6E5B4AF-AE76-4B23-B145-EF06677DD0CA}"
EndProject
Project("{FAE04EC0-301F-11D3-BF4B-00C04F79EFBC}") = "wordInPlural", "wordInPlural\wordInPlural.csproj", "{4DBD22A7-7047-4FE5-9E98-3D12466C71F0}"
EndProject
Project("{FAE04EC0-301F-11D3-BF4B-00C04F79EFBC}") = "IntervalOfNumbers", "IntervalOfNumbers\IntervalOfNumbers.csproj", "{7201FC18-98DD-4930-B8BC-DEFD774C8FCF}"
EndProject
Project("{FAE04EC0-301F-11D3-BF4B-00C04F79EFBC}") = "CakeIngreadients", "CakeIngreadients\CakeIngreadients.csproj", "{8410346B-1BEA-4CFA-9E81-9BDF41BCC514}"
EndProject
Project("{FAE04EC0-301F-11D3-BF4B-00C04F79EFBC}") = "CaloriesCounter", "CaloriesCounter\CaloriesCounter.csproj", "{ADAFDD74-E8B5-42E9-9683-F0133A810511}"
EndProject
Project("{FAE04EC0-301F-11D3-BF4B-00C04F79EFBC}") = "CountTheIntegers", "CountTheIntegers\CountTheIntegers.csproj", "{C108C896-6DC5-47CA-A995-D1DE02D2434A}"
EndProject
Project("{FAE04EC0-301F-11D3-BF4B-00C04F79EFBC}") = "TriangleOfNumbers", "TriangleOfNumbers\TriangleOfNumbers.csproj", "{0237564A-F9F3-44F4-9C07-AE4E5CC0103C}"
EndProject
Project("{FAE04EC0-301F-11D3-BF4B-00C04F79EFBC}") = "DifferentNumbers", "DifferentNumbers\DifferentNumbers.csproj", "{AED6769C-57BD-41C9-8085-C6A508B24D19}"
EndProject
Project("{FAE04EC0-301F-11D3-BF4B-00C04F79EFBC}") = "TestNumbers", "TestNumbers\TestNumbers.csproj", "{41E41997-868A-41BD-996F-60ED16308B11}"
EndProject
Project("{FAE04EC0-301F-11D3-BF4B-00C04F79EFBC}") = "GameOfNumbers", "GameOfNumbers\GameOfNumbers.csproj", "{FF5EE9BE-2B6A-41FF-81AD-8946737884B8}"
EndProject
Project("{FAE04EC0-301F-11D3-BF4B-00C04F79EFBC}") = "MagicLetter", "MagicLetter\MagicLetter.csproj", "{5017E08F-7834-4C29-AC91-B1C72B378936}"
EndProject
Project("{FAE04EC0-301F-11D3-BF4B-00C04F79EFBC}") = "NeighbourWars", "NeighbourWars\NeighbourWars.csproj", "{37AAEFB0-91AF-4F45-8144-14278A51917F}"
EndProject
Global
	GlobalSection(SolutionConfigurationPlatforms) = preSolution
		Debug|Any CPU = Debug|Any CPU
		Release|Any CPU = Release|Any CPU
	EndGlobalSection
	GlobalSection(ProjectConfigurationPlatforms) = postSolution
		{AD9088F4-E583-41C7-B69F-08E9F5F96994}.Debug|Any CPU.ActiveCfg = Debug|Any CPU
		{AD9088F4-E583-41C7-B69F-08E9F5F96994}.Debug|Any CPU.Build.0 = Debug|Any CPU
		{AD9088F4-E583-41C7-B69F-08E9F5F96994}.Release|Any CPU.ActiveCfg = Release|Any CPU
		{AD9088F4-E583-41C7-B69F-08E9F5F96994}.Release|Any CPU.Build.0 = Release|Any CPU
		{EC323FCB-EF6F-41E6-AD84-A2D93C6A469D}.Debug|Any CPU.ActiveCfg = Debug|Any CPU
		{EC323FCB-EF6F-41E6-AD84-A2D93C6A469D}.Debug|Any CPU.Build.0 = Debug|Any CPU
		{EC323FCB-EF6F-41E6-AD84-A2D93C6A469D}.Release|Any CPU.ActiveCfg = Release|Any CPU
		{EC323FCB-EF6F-41E6-AD84-A2D93C6A469D}.Release|Any CPU.Build.0 = Release|Any CPU
		{A6E5B4AF-AE76-4B23-B145-EF06677DD0CA}.Debug|Any CPU.ActiveCfg = Debug|Any CPU
		{A6E5B4AF-AE76-4B23-B145-EF06677DD0CA}.Debug|Any CPU.Build.0 = Debug|Any CPU
		{A6E5B4AF-AE76-4B23-B145-EF06677DD0CA}.Release|Any CPU.ActiveCfg = Release|Any CPU
		{A6E5B4AF-AE76-4B23-B145-EF06677DD0CA}.Release|Any CPU.Build.0 = Release|Any CPU
		{4DBD22A7-7047-4FE5-9E98-3D12466C71F0}.Debug|Any CPU.ActiveCfg = Debug|Any CPU
		{4DBD22A7-7047-4FE5-9E98-3D12466C71F0}.Debug|Any CPU.Build.0 = Debug|Any CPU
		{4DBD22A7-7047-4FE5-9E98-3D12466C71F0}.Release|Any CPU.ActiveCfg = Release|Any CPU
		{4DBD22A7-7047-4FE5-9E98-3D12466C71F0}.Release|Any CPU.Build.0 = Release|Any CPU
		{7201FC18-98DD-4930-B8BC-DEFD774C8FCF}.Debug|Any CPU.ActiveCfg = Debug|Any CPU
		{7201FC18-98DD-4930-B8BC-DEFD774C8FCF}.Debug|Any CPU.Build.0 = Debug|Any CPU
		{7201FC18-98DD-4930-B8BC-DEFD774C8FCF}.Release|Any CPU.ActiveCfg = Release|Any CPU
		{7201FC18-98DD-4930-B8BC-DEFD774C8FCF}.Release|Any CPU.Build.0 = Release|Any CPU
		{8410346B-1BEA-4CFA-9E81-9BDF41BCC514}.Debug|Any CPU.ActiveCfg = Debug|Any CPU
		{8410346B-1BEA-4CFA-9E81-9BDF41BCC514}.Debug|Any CPU.Build.0 = Debug|Any CPU
		{8410346B-1BEA-4CFA-9E81-9BDF41BCC514}.Release|Any CPU.ActiveCfg = Release|Any CPU
		{8410346B-1BEA-4CFA-9E81-9BDF41BCC514}.Release|Any CPU.Build.0 = Release|Any CPU
		{ADAFDD74-E8B5-42E9-9683-F0133A810511}.Debug|Any CPU.ActiveCfg = Debug|Any CPU
		{ADAFDD74-E8B5-42E9-9683-F0133A810511}.Debug|Any CPU.Build.0 = Debug|Any CPU
		{ADAFDD74-E8B5-42E9-9683-F0133A810511}.Release|Any CPU.ActiveCfg = Release|Any CPU
		{ADAFDD74-E8B5-42E9-9683-F0133A810511}.Release|Any CPU.Build.0 = Release|Any CPU
		{C108C896-6DC5-47CA-A995-D1DE02D2434A}.Debug|Any CPU.ActiveCfg = Debug|Any CPU
		{C108C896-6DC5-47CA-A995-D1DE02D2434A}.Debug|Any CPU.Build.0 = Debug|Any CPU
		{C108C896-6DC5-47CA-A995-D1DE02D2434A}.Release|Any CPU.ActiveCfg = Release|Any CPU
		{C108C896-6DC5-47CA-A995-D1DE02D2434A}.Release|Any CPU.Build.0 = Release|Any CPU
		{0237564A-F9F3-44F4-9C07-AE4E5CC0103C}.Debug|Any CPU.ActiveCfg = Debug|Any CPU
		{0237564A-F9F3-44F4-9C07-AE4E5CC0103C}.Debug|Any CPU.Build.0 = Debug|Any CPU
		{0237564A-F9F3-44F4-9C07-AE4E5CC0103C}.Release|Any CPU.ActiveCfg = Release|Any CPU
		{0237564A-F9F3-44F4-9C07-AE4E5CC0103C}.Release|Any CPU.Build.0 = Release|Any CPU
		{AED6769C-57BD-41C9-8085-C6A508B24D19}.Debug|Any CPU.ActiveCfg = Debug|Any CPU
		{AED6769C-57BD-41C9-8085-C6A508B24D19}.Debug|Any CPU.Build.0 = Debug|Any CPU
		{AED6769C-57BD-41C9-8085-C6A508B24D19}.Release|Any CPU.ActiveCfg = Release|Any CPU
		{AED6769C-57BD-41C9-8085-C6A508B24D19}.Release|Any CPU.Build.0 = Release|Any CPU
		{41E41997-868A-41BD-996F-60ED16308B11}.Debug|Any CPU.ActiveCfg = Debug|Any CPU
		{41E41997-868A-41BD-996F-60ED16308B11}.Debug|Any CPU.Build.0 = Debug|Any CPU
		{41E41997-868A-41BD-996F-60ED16308B11}.Release|Any CPU.ActiveCfg = Release|Any CPU
		{41E41997-868A-41BD-996F-60ED16308B11}.Release|Any CPU.Build.0 = Release|Any CPU
		{FF5EE9BE-2B6A-41FF-81AD-8946737884B8}.Debug|Any CPU.ActiveCfg = Debug|Any CPU
		{FF5EE9BE-2B6A-41FF-81AD-8946737884B8}.Debug|Any CPU.Build.0 = Debug|Any CPU
		{FF5EE9BE-2B6A-41FF-81AD-8946737884B8}.Release|Any CPU.ActiveCfg = Release|Any CPU
		{FF5EE9BE-2B6A-41FF-81AD-8946737884B8}.Release|Any CPU.Build.0 = Release|Any CPU
		{5017E08F-7834-4C29-AC91-B1C72B378936}.Debug|Any CPU.ActiveCfg = Debug|Any CPU
		{5017E08F-7834-4C29-AC91-B1C72B378936}.Debug|Any CPU.Build.0 = Debug|Any CPU
		{5017E08F-7834-4C29-AC91-B1C72B378936}.Release|Any CPU.ActiveCfg = Release|Any CPU
		{5017E08F-7834-4C29-AC91-B1C72B378936}.Release|Any CPU.Build.0 = Release|Any CPU
		{37AAEFB0-91AF-4F45-8144-14278A51917F}.Debug|Any CPU.ActiveCfg = Debug|Any CPU
		{37AAEFB0-91AF-4F45-8144-14278A51917F}.Debug|Any CPU.Build.0 = Debug|Any CPU
		{37AAEFB0-91AF-4F45-8144-14278A51917F}.Release|Any CPU.ActiveCfg = Release|Any CPU
		{37AAEFB0-91AF-4F45-8144-14278A51917F}.Release|Any CPU.Build.0 = Release|Any CPU
	EndGlobalSection
	GlobalSection(SolutionProperties) = preSolution
		HideSolutionNode = FALSE
	EndGlobalSection
	GlobalSection(ExtensibilityGlobals) = postSolution
		SolutionGuid = {713D9BDD-0E86-44C5-824A-456FC689AF18}
	EndGlobalSection
EndGlobal
